// !$*UTF8*$!
{
	archiveVersion = 1;
	classes = {
	};
	objectVersion = 56;
	objects = {

/* Begin PBXBuildFile section */
		4A4AB026297327930006A517 /* MapView.swift in Sources */ = {isa = PBXBuildFile; fileRef = 4A4AB025297327930006A517 /* MapView.swift */; };
		4A94AB7729746A74008BE786 /* SearchLocationManager.swift in Sources */ = {isa = PBXBuildFile; fileRef = 4A94AB7629746A74008BE786 /* SearchLocationManager.swift */; };
		4A94AB792974A3A5008BE786 /* SearchView.swift in Sources */ = {isa = PBXBuildFile; fileRef = 4A94AB782974A3A5008BE786 /* SearchView.swift */; };
		4A94AB7B29751B39008BE786 /* AddStopView.swift in Sources */ = {isa = PBXBuildFile; fileRef = 4A94AB7A29751B39008BE786 /* AddStopView.swift */; };
		4A98E51F296D07A300D80F82 /* Stop.swift in Sources */ = {isa = PBXBuildFile; fileRef = 4A98E51E296D07A300D80F82 /* Stop.swift */; };
		4A98E521296D07A900D80F82 /* Route.swift in Sources */ = {isa = PBXBuildFile; fileRef = 4A98E520296D07A900D80F82 /* Route.swift */; };
		4A98E525296D094600D80F82 /* LocationManager.swift in Sources */ = {isa = PBXBuildFile; fileRef = 4A98E524296D094600D80F82 /* LocationManager.swift */; };
		4A98E527296D094D00D80F82 /* RoutesManager.swift in Sources */ = {isa = PBXBuildFile; fileRef = 4A98E526296D094D00D80F82 /* RoutesManager.swift */; };
		4A98E529296D097100D80F82 /* NotificationManager.swift in Sources */ = {isa = PBXBuildFile; fileRef = 4A98E528296D097100D80F82 /* NotificationManager.swift */; };
		4A98E52B296D0AB200D80F82 /* RouteView.swift in Sources */ = {isa = PBXBuildFile; fileRef = 4A98E52A296D0AB200D80F82 /* RouteView.swift */; };
		4A98E52D296D0D0900D80F82 /* StopView.swift in Sources */ = {isa = PBXBuildFile; fileRef = 4A98E52C296D0D0900D80F82 /* StopView.swift */; };
		4A9B0C172960094C00257186 /* MapAppApp.swift in Sources */ = {isa = PBXBuildFile; fileRef = 4A9B0C162960094C00257186 /* MapAppApp.swift */; };
		4A9B0C192960094C00257186 /* MainView.swift in Sources */ = {isa = PBXBuildFile; fileRef = 4A9B0C182960094C00257186 /* MainView.swift */; };
		4A9B0C1B2960094D00257186 /* Assets.xcassets in Resources */ = {isa = PBXBuildFile; fileRef = 4A9B0C1A2960094D00257186 /* Assets.xcassets */; };
		4A9B0C1E2960094D00257186 /* Preview Assets.xcassets in Resources */ = {isa = PBXBuildFile; fileRef = 4A9B0C1D2960094D00257186 /* Preview Assets.xcassets */; };
		4ADE9B212978897B0024FF27 /* TripView.swift in Sources */ = {isa = PBXBuildFile; fileRef = 4ADE9B202978897B0024FF27 /* TripView.swift */; };
		4ADE9B23297889840024FF27 /* SimpleRouteView.swift in Sources */ = {isa = PBXBuildFile; fileRef = 4ADE9B22297889840024FF27 /* SimpleRouteView.swift */; };
		4ADE9B27297A327F0024FF27 /* ViewModifiers.swift in Sources */ = {isa = PBXBuildFile; fileRef = 4ADE9B26297A327F0024FF27 /* ViewModifiers.swift */; };
/* End PBXBuildFile section */

/* Begin PBXFileReference section */
		4A4AB025297327930006A517 /* MapView.swift */ = {isa = PBXFileReference; lastKnownFileType = sourcecode.swift; path = MapView.swift; sourceTree = "<group>"; };
		4A4AB02729738F670006A517 /* Info.plist */ = {isa = PBXFileReference; lastKnownFileType = text.plist; path = Info.plist; sourceTree = "<group>"; };
		4A94AB7629746A74008BE786 /* SearchLocationManager.swift */ = {isa = PBXFileReference; lastKnownFileType = sourcecode.swift; path = SearchLocationManager.swift; sourceTree = "<group>"; };
		4A94AB782974A3A5008BE786 /* SearchView.swift */ = {isa = PBXFileReference; lastKnownFileType = sourcecode.swift; path = SearchView.swift; sourceTree = "<group>"; };
		4A94AB7A29751B39008BE786 /* AddStopView.swift */ = {isa = PBXFileReference; lastKnownFileType = sourcecode.swift; path = AddStopView.swift; sourceTree = "<group>"; };
		4A98E51E296D07A300D80F82 /* Stop.swift */ = {isa = PBXFileReference; lastKnownFileType = sourcecode.swift; path = Stop.swift; sourceTree = "<group>"; };
		4A98E520296D07A900D80F82 /* Route.swift */ = {isa = PBXFileReference; lastKnownFileType = sourcecode.swift; path = Route.swift; sourceTree = "<group>"; };
		4A98E524296D094600D80F82 /* LocationManager.swift */ = {isa = PBXFileReference; lastKnownFileType = sourcecode.swift; path = LocationManager.swift; sourceTree = "<group>"; };
		4A98E526296D094D00D80F82 /* RoutesManager.swift */ = {isa = PBXFileReference; lastKnownFileType = sourcecode.swift; path = RoutesManager.swift; sourceTree = "<group>"; };
		4A98E528296D097100D80F82 /* NotificationManager.swift */ = {isa = PBXFileReference; lastKnownFileType = sourcecode.swift; path = NotificationManager.swift; sourceTree = "<group>"; };
		4A98E52A296D0AB200D80F82 /* RouteView.swift */ = {isa = PBXFileReference; lastKnownFileType = sourcecode.swift; path = RouteView.swift; sourceTree = "<group>"; };
		4A98E52C296D0D0900D80F82 /* StopView.swift */ = {isa = PBXFileReference; lastKnownFileType = sourcecode.swift; path = StopView.swift; sourceTree = "<group>"; };
		4A9B0C132960094C00257186 /* MapApp.app */ = {isa = PBXFileReference; explicitFileType = wrapper.application; includeInIndex = 0; path = MapApp.app; sourceTree = BUILT_PRODUCTS_DIR; };
		4A9B0C162960094C00257186 /* MapAppApp.swift */ = {isa = PBXFileReference; lastKnownFileType = sourcecode.swift; path = MapAppApp.swift; sourceTree = "<group>"; };
		4A9B0C182960094C00257186 /* MainView.swift */ = {isa = PBXFileReference; lastKnownFileType = sourcecode.swift; path = MainView.swift; sourceTree = "<group>"; };
		4A9B0C1A2960094D00257186 /* Assets.xcassets */ = {isa = PBXFileReference; lastKnownFileType = folder.assetcatalog; path = Assets.xcassets; sourceTree = "<group>"; };
		4A9B0C1D2960094D00257186 /* Preview Assets.xcassets */ = {isa = PBXFileReference; lastKnownFileType = folder.assetcatalog; path = "Preview Assets.xcassets"; sourceTree = "<group>"; };
		4ADE9B202978897B0024FF27 /* TripView.swift */ = {isa = PBXFileReference; lastKnownFileType = sourcecode.swift; path = TripView.swift; sourceTree = "<group>"; };
		4ADE9B22297889840024FF27 /* SimpleRouteView.swift */ = {isa = PBXFileReference; lastKnownFileType = sourcecode.swift; path = SimpleRouteView.swift; sourceTree = "<group>"; };
		4ADE9B26297A327F0024FF27 /* ViewModifiers.swift */ = {isa = PBXFileReference; lastKnownFileType = sourcecode.swift; path = ViewModifiers.swift; sourceTree = "<group>"; };
/* End PBXFileReference section */

/* Begin PBXFrameworksBuildPhase section */
		4A9B0C102960094C00257186 /* Frameworks */ = {
			isa = PBXFrameworksBuildPhase;
			buildActionMask = 2147483647;
			files = (
			);
			runOnlyForDeploymentPostprocessing = 0;
		};
/* End PBXFrameworksBuildPhase section */

/* Begin PBXGroup section */
		4A4AB02829739A070006A517 /* Views */ = {
			isa = PBXGroup;
			children = (
				4A9B0C182960094C00257186 /* MainView.swift */,
				4A98E52C296D0D0900D80F82 /* StopView.swift */,
				4A94AB7A29751B39008BE786 /* AddStopView.swift */,
				4A94AB782974A3A5008BE786 /* SearchView.swift */,
				4A4AB025297327930006A517 /* MapView.swift */,
				4A98E52A296D0AB200D80F82 /* RouteView.swift */,
				4ADE9B202978897B0024FF27 /* TripView.swift */,
				4ADE9B22297889840024FF27 /* SimpleRouteView.swift */,
			);
			path = Views;
			sourceTree = "<group>";
		};
		4A98E51B296D078800D80F82 /* Models */ = {
			isa = PBXGroup;
			children = (
				4A98E522296D083400D80F82 /* Data types */,
				4A98E523296D093900D80F82 /* Managers */,
				4ADE9B26297A327F0024FF27 /* ViewModifiers.swift */,
			);
			path = Models;
			sourceTree = "<group>";
		};
		4A98E522296D083400D80F82 /* Data types */ = {
			isa = PBXGroup;
			children = (
				4A98E51E296D07A300D80F82 /* Stop.swift */,
				4A98E520296D07A900D80F82 /* Route.swift */,
			);
			path = "Data types";
			sourceTree = "<group>";
		};
		4A98E523296D093900D80F82 /* Managers */ = {
			isa = PBXGroup;
			children = (
				4A98E524296D094600D80F82 /* LocationManager.swift */,
				4A94AB7629746A74008BE786 /* SearchLocationManager.swift */,
				4A98E526296D094D00D80F82 /* RoutesManager.swift */,
				4A98E528296D097100D80F82 /* NotificationManager.swift */,
			);
			path = Managers;
			sourceTree = "<group>";
		};
		4A9B0C0A2960094C00257186 = {
			isa = PBXGroup;
			children = (
				4A9B0C152960094C00257186 /* MapApp */,
				4A9B0C142960094C00257186 /* Products */,
			);
			sourceTree = "<group>";
		};
		4A9B0C142960094C00257186 /* Products */ = {
			isa = PBXGroup;
			children = (
				4A9B0C132960094C00257186 /* MapApp.app */,
			);
			name = Products;
			sourceTree = "<group>";
		};
		4A9B0C152960094C00257186 /* MapApp */ = {
			isa = PBXGroup;
			children = (
				4A9B0C162960094C00257186 /* MapAppApp.swift */,
				4A4AB02829739A070006A517 /* Views */,
				4A98E51B296D078800D80F82 /* Models */,
				4A9B0C1A2960094D00257186 /* Assets.xcassets */,
				4A4AB02729738F670006A517 /* Info.plist */,
				4A9B0C1C2960094D00257186 /* Preview Content */,
			);
			path = MapApp;
			sourceTree = "<group>";
		};
		4A9B0C1C2960094D00257186 /* Preview Content */ = {
			isa = PBXGroup;
			children = (
				4A9B0C1D2960094D00257186 /* Preview Assets.xcassets */,
			);
			path = "Preview Content";
			sourceTree = "<group>";
		};
/* End PBXGroup section */

/* Begin PBXNativeTarget section */
		4A9B0C122960094C00257186 /* MapApp */ = {
			isa = PBXNativeTarget;
			buildConfigurationList = 4A9B0C212960094D00257186 /* Build configuration list for PBXNativeTarget "MapApp" */;
			buildPhases = (
				4A9B0C0F2960094C00257186 /* Sources */,
				4A9B0C102960094C00257186 /* Frameworks */,
				4A9B0C112960094C00257186 /* Resources */,
			);
			buildRules = (
			);
			dependencies = (
			);
			name = MapApp;
			productName = MapApp;
			productReference = 4A9B0C132960094C00257186 /* MapApp.app */;
			productType = "com.apple.product-type.application";
		};
/* End PBXNativeTarget section */

/* Begin PBXProject section */
		4A9B0C0B2960094C00257186 /* Project object */ = {
			isa = PBXProject;
			attributes = {
				BuildIndependentTargetsInParallel = 1;
				LastSwiftUpdateCheck = 1420;
				LastUpgradeCheck = 1420;
				TargetAttributes = {
					4A9B0C122960094C00257186 = {
						CreatedOnToolsVersion = 14.2;
					};
				};
			};
			buildConfigurationList = 4A9B0C0E2960094C00257186 /* Build configuration list for PBXProject "MapApp" */;
			compatibilityVersion = "Xcode 14.0";
			developmentRegion = en;
			hasScannedForEncodings = 0;
			knownRegions = (
				en,
				Base,
			);
			mainGroup = 4A9B0C0A2960094C00257186;
			productRefGroup = 4A9B0C142960094C00257186 /* Products */;
			projectDirPath = "";
			projectRoot = "";
			targets = (
				4A9B0C122960094C00257186 /* MapApp */,
			);
		};
/* End PBXProject section */

/* Begin PBXResourcesBuildPhase section */
		4A9B0C112960094C00257186 /* Resources */ = {
			isa = PBXResourcesBuildPhase;
			buildActionMask = 2147483647;
			files = (
				4A9B0C1E2960094D00257186 /* Preview Assets.xcassets in Resources */,
				4A9B0C1B2960094D00257186 /* Assets.xcassets in Resources */,
			);
			runOnlyForDeploymentPostprocessing = 0;
		};
/* End PBXResourcesBuildPhase section */

/* Begin PBXSourcesBuildPhase section */
		4A9B0C0F2960094C00257186 /* Sources */ = {
			isa = PBXSourcesBuildPhase;
			buildActionMask = 2147483647;
			files = (
				4A4AB026297327930006A517 /* MapView.swift in Sources */,
				4A9B0C192960094C00257186 /* MainView.swift in Sources */,
				4ADE9B27297A327F0024FF27 /* ViewModifiers.swift in Sources */,
				4A98E51F296D07A300D80F82 /* Stop.swift in Sources */,
				4A98E529296D097100D80F82 /* NotificationManager.swift in Sources */,
				4A98E527296D094D00D80F82 /* RoutesManager.swift in Sources */,
				4A94AB7B29751B39008BE786 /* AddStopView.swift in Sources */,
				4A98E525296D094600D80F82 /* LocationManager.swift in Sources */,
				4ADE9B23297889840024FF27 /* SimpleRouteView.swift in Sources */,
				4A98E521296D07A900D80F82 /* Route.swift in Sources */,
				4A94AB7729746A74008BE786 /* SearchLocationManager.swift in Sources */,
				4ADE9B212978897B0024FF27 /* TripView.swift in Sources */,
				4A94AB792974A3A5008BE786 /* SearchView.swift in Sources */,
				4A98E52B296D0AB200D80F82 /* RouteView.swift in Sources */,
				4A98E52D296D0D0900D80F82 /* StopView.swift in Sources */,
				4A9B0C172960094C00257186 /* MapAppApp.swift in Sources */,
			);
			runOnlyForDeploymentPostprocessing = 0;
		};
/* End PBXSourcesBuildPhase section */

/* Begin XCBuildConfiguration section */
		4A9B0C1F2960094D00257186 /* Debug */ = {
			isa = XCBuildConfiguration;
			buildSettings = {
				ALWAYS_SEARCH_USER_PATHS = NO;
				CLANG_ANALYZER_NONNULL = YES;
				CLANG_ANALYZER_NUMBER_OBJECT_CONVERSION = YES_AGGRESSIVE;
				CLANG_CXX_LANGUAGE_STANDARD = "gnu++20";
				CLANG_ENABLE_MODULES = YES;
				CLANG_ENABLE_OBJC_ARC = YES;
				CLANG_ENABLE_OBJC_WEAK = YES;
				CLANG_WARN_BLOCK_CAPTURE_AUTORELEASING = YES;
				CLANG_WARN_BOOL_CONVERSION = YES;
				CLANG_WARN_COMMA = YES;
				CLANG_WARN_CONSTANT_CONVERSION = YES;
				CLANG_WARN_DEPRECATED_OBJC_IMPLEMENTATIONS = YES;
				CLANG_WARN_DIRECT_OBJC_ISA_USAGE = YES_ERROR;
				CLANG_WARN_DOCUMENTATION_COMMENTS = YES;
				CLANG_WARN_EMPTY_BODY = YES;
				CLANG_WARN_ENUM_CONVERSION = YES;
				CLANG_WARN_INFINITE_RECURSION = YES;
				CLANG_WARN_INT_CONVERSION = YES;
				CLANG_WARN_NON_LITERAL_NULL_CONVERSION = YES;
				CLANG_WARN_OBJC_IMPLICIT_RETAIN_SELF = YES;
				CLANG_WARN_OBJC_LITERAL_CONVERSION = YES;
				CLANG_WARN_OBJC_ROOT_CLASS = YES_ERROR;
				CLANG_WARN_QUOTED_INCLUDE_IN_FRAMEWORK_HEADER = YES;
				CLANG_WARN_RANGE_LOOP_ANALYSIS = YES;
				CLANG_WARN_STRICT_PROTOTYPES = YES;
				CLANG_WARN_SUSPICIOUS_MOVE = YES;
				CLANG_WARN_UNGUARDED_AVAILABILITY = YES_AGGRESSIVE;
				CLANG_WARN_UNREACHABLE_CODE = YES;
				CLANG_WARN__DUPLICATE_METHOD_MATCH = YES;
				COPY_PHASE_STRIP = NO;
				DEBUG_INFORMATION_FORMAT = dwarf;
				ENABLE_STRICT_OBJC_MSGSEND = YES;
				ENABLE_TESTABILITY = YES;
				GCC_C_LANGUAGE_STANDARD = gnu11;
				GCC_DYNAMIC_NO_PIC = NO;
				GCC_NO_COMMON_BLOCKS = YES;
				GCC_OPTIMIZATION_LEVEL = 0;
				GCC_PREPROCESSOR_DEFINITIONS = (
					"DEBUG=1",
					"$(inherited)",
				);
				GCC_WARN_64_TO_32_BIT_CONVERSION = YES;
				GCC_WARN_ABOUT_RETURN_TYPE = YES_ERROR;
				GCC_WARN_UNDECLARED_SELECTOR = YES;
				GCC_WARN_UNINITIALIZED_AUTOS = YES_AGGRESSIVE;
				GCC_WARN_UNUSED_FUNCTION = YES;
				GCC_WARN_UNUSED_VARIABLE = YES;
				IPHONEOS_DEPLOYMENT_TARGET = 16.2;
				MTL_ENABLE_DEBUG_INFO = INCLUDE_SOURCE;
				MTL_FAST_MATH = YES;
				ONLY_ACTIVE_ARCH = YES;
				SDKROOT = iphoneos;
				SWIFT_ACTIVE_COMPILATION_CONDITIONS = DEBUG;
				SWIFT_OPTIMIZATION_LEVEL = "-Onone";
			};
			name = Debug;
		};
		4A9B0C202960094D00257186 /* Release */ = {
			isa = XCBuildConfiguration;
			buildSettings = {
				ALWAYS_SEARCH_USER_PATHS = NO;
				CLANG_ANALYZER_NONNULL = YES;
				CLANG_ANALYZER_NUMBER_OBJECT_CONVERSION = YES_AGGRESSIVE;
				CLANG_CXX_LANGUAGE_STANDARD = "gnu++20";
				CLANG_ENABLE_MODULES = YES;
				CLANG_ENABLE_OBJC_ARC = YES;
				CLANG_ENABLE_OBJC_WEAK = YES;
				CLANG_WARN_BLOCK_CAPTURE_AUTORELEASING = YES;
				CLANG_WARN_BOOL_CONVERSION = YES;
				CLANG_WARN_COMMA = YES;
				CLANG_WARN_CONSTANT_CONVERSION = YES;
				CLANG_WARN_DEPRECATED_OBJC_IMPLEMENTATIONS = YES;
				CLANG_WARN_DIRECT_OBJC_ISA_USAGE = YES_ERROR;
				CLANG_WARN_DOCUMENTATION_COMMENTS = YES;
				CLANG_WARN_EMPTY_BODY = YES;
				CLANG_WARN_ENUM_CONVERSION = YES;
				CLANG_WARN_INFINITE_RECURSION = YES;
				CLANG_WARN_INT_CONVERSION = YES;
				CLANG_WARN_NON_LITERAL_NULL_CONVERSION = YES;
				CLANG_WARN_OBJC_IMPLICIT_RETAIN_SELF = YES;
				CLANG_WARN_OBJC_LITERAL_CONVERSION = YES;
				CLANG_WARN_OBJC_ROOT_CLASS = YES_ERROR;
				CLANG_WARN_QUOTED_INCLUDE_IN_FRAMEWORK_HEADER = YES;
				CLANG_WARN_RANGE_LOOP_ANALYSIS = YES;
				CLANG_WARN_STRICT_PROTOTYPES = YES;
				CLANG_WARN_SUSPICIOUS_MOVE = YES;
				CLANG_WARN_UNGUARDED_AVAILABILITY = YES_AGGRESSIVE;
				CLANG_WARN_UNREACHABLE_CODE = YES;
				CLANG_WARN__DUPLICATE_METHOD_MATCH = YES;
				COPY_PHASE_STRIP = NO;
				DEBUG_INFORMATION_FORMAT = "dwarf-with-dsym";
				ENABLE_NS_ASSERTIONS = NO;
				ENABLE_STRICT_OBJC_MSGSEND = YES;
				GCC_C_LANGUAGE_STANDARD = gnu11;
				GCC_NO_COMMON_BLOCKS = YES;
				GCC_WARN_64_TO_32_BIT_CONVERSION = YES;
				GCC_WARN_ABOUT_RETURN_TYPE = YES_ERROR;
				GCC_WARN_UNDECLARED_SELECTOR = YES;
				GCC_WARN_UNINITIALIZED_AUTOS = YES_AGGRESSIVE;
				GCC_WARN_UNUSED_FUNCTION = YES;
				GCC_WARN_UNUSED_VARIABLE = YES;
				IPHONEOS_DEPLOYMENT_TARGET = 16.2;
				MTL_ENABLE_DEBUG_INFO = NO;
				MTL_FAST_MATH = YES;
				SDKROOT = iphoneos;
				SWIFT_COMPILATION_MODE = wholemodule;
				SWIFT_OPTIMIZATION_LEVEL = "-O";
				VALIDATE_PRODUCT = YES;
			};
			name = Release;
		};
		4A9B0C222960094D00257186 /* Debug */ = {
			isa = XCBuildConfiguration;
			buildSettings = {
				ASSETCATALOG_COMPILER_APPICON_NAME = AppIcon;
				ASSETCATALOG_COMPILER_GLOBAL_ACCENT_COLOR_NAME = AccentColor;
				CODE_SIGN_STYLE = Automatic;
				CURRENT_PROJECT_VERSION = 1;
				DEVELOPMENT_ASSET_PATHS = "\"MapApp/Preview Content\"";
				DEVELOPMENT_TEAM = 2BS6P7FL7Z;
				ENABLE_PREVIEWS = YES;
				GENERATE_INFOPLIST_FILE = YES;
				INFOPLIST_FILE = MapApp/Info.plist;
				INFOPLIST_KEY_NSLocationWhenInUseUsageDescription = "This app uses your location to determine your distance from a location.";
				INFOPLIST_KEY_UIApplicationSceneManifest_Generation = YES;
				INFOPLIST_KEY_UIApplicationSupportsIndirectInputEvents = YES;
				INFOPLIST_KEY_UILaunchScreen_Generation = YES;
				INFOPLIST_KEY_UISupportedInterfaceOrientations = UIInterfaceOrientationPortrait;
				INFOPLIST_KEY_UISupportedInterfaceOrientations_iPad = "UIInterfaceOrientationLandscapeLeft UIInterfaceOrientationLandscapeRight UIInterfaceOrientationPortrait UIInterfaceOrientationPortraitUpsideDown";
				INFOPLIST_KEY_UIUserInterfaceStyle = Light;
				IPHONEOS_DEPLOYMENT_TARGET = 16.0;
				LD_RUNPATH_SEARCH_PATHS = (
					"$(inherited)",
					"@executable_path/Frameworks",
				);
				MARKETING_VERSION = 1.0;
				PRODUCT_BUNDLE_IDENTIFIER = thisCompany.MapApp;
				PRODUCT_NAME = "$(TARGET_NAME)";
				SUPPORTED_PLATFORMS = "iphoneos iphonesimulator";
				SUPPORTS_MACCATALYST = NO;
				SUPPORTS_MAC_DESIGNED_FOR_IPHONE_IPAD = NO;
				SWIFT_EMIT_LOC_STRINGS = YES;
				SWIFT_VERSION = 5.0;
				TARGETED_DEVICE_FAMILY = 1;
			};
			name = Debug;
		};
		4A9B0C232960094D00257186 /* Release */ = {
			isa = XCBuildConfiguration;
			buildSettings = {
				ASSETCATALOG_COMPILER_APPICON_NAME = AppIcon;
				ASSETCATALOG_COMPILER_GLOBAL_ACCENT_COLOR_NAME = AccentColor;
				CODE_SIGN_STYLE = Automatic;
				CURRENT_PROJECT_VERSION = 1;
				DEVELOPMENT_ASSET_PATHS = "\"MapApp/Preview Content\"";
				DEVELOPMENT_TEAM = 2BS6P7FL7Z;
				ENABLE_PREVIEWS = YES;
				GENERATE_INFOPLIST_FILE = YES;
				INFOPLIST_FILE = MapApp/Info.plist;
				INFOPLIST_KEY_NSLocationWhenInUseUsageDescription = "This app uses your location to determine your distance from a location.";
				INFOPLIST_KEY_UIApplicationSceneManifest_Generation = YES;
				INFOPLIST_KEY_UIApplicationSupportsIndirectInputEvents = YES;
				INFOPLIST_KEY_UILaunchScreen_Generation = YES;
				INFOPLIST_KEY_UISupportedInterfaceOrientations = UIInterfaceOrientationPortrait;
				INFOPLIST_KEY_UISupportedInterfaceOrientations_iPad = "UIInterfaceOrientationLandscapeLeft UIInterfaceOrientationLandscapeRight UIInterfaceOrientationPortrait UIInterfaceOrientationPortraitUpsideDown";
				INFOPLIST_KEY_UIUserInterfaceStyle = Light;
				IPHONEOS_DEPLOYMENT_TARGET = 16.0;
				LD_RUNPATH_SEARCH_PATHS = (
					"$(inherited)",
					"@executable_path/Frameworks",
				);
				MARKETING_VERSION = 1.0;
				PRODUCT_BUNDLE_IDENTIFIER = thisCompany.MapApp;
				PRODUCT_NAME = "$(TARGET_NAME)";
				SUPPORTED_PLATFORMS = "iphoneos iphonesimulator";
				SUPPORTS_MACCATALYST = NO;
				SUPPORTS_MAC_DESIGNED_FOR_IPHONE_IPAD = NO;
				SWIFT_EMIT_LOC_STRINGS = YES;
				SWIFT_VERSION = 5.0;
				TARGETED_DEVICE_FAMILY = 1;
			};
			name = Release;
		};
/* End XCBuildConfiguration section */

/* Begin XCConfigurationList section */
		4A9B0C0E2960094C00257186 /* Build configuration list for PBXProject "MapApp" */ = {
			isa = XCConfigurationList;
			buildConfigurations = (
				4A9B0C1F2960094D00257186 /* Debug */,
				4A9B0C202960094D00257186 /* Release */,
			);
			defaultConfigurationIsVisible = 0;
			defaultConfigurationName = Release;
		};
		4A9B0C212960094D00257186 /* Build configuration list for PBXNativeTarget "MapApp" */ = {
			isa = XCConfigurationList;
			buildConfigurations = (
				4A9B0C222960094D00257186 /* Debug */,
				4A9B0C232960094D00257186 /* Release */,
			);
			defaultConfigurationIsVisible = 0;
			defaultConfigurationName = Release;
		};
/* End XCConfigurationList section */
	};
	rootObject = 4A9B0C0B2960094C00257186 /* Project object */;
}
